
Microsoft Visual Studio Solution File, Format Version 12.00
# Visual Studio Version 16
VisualStudioVersion = 16.0.29613.14
MinimumVisualStudioVersion = 10.0.40219.1
Project("{FAE04EC0-301F-11D3-BF4B-00C04F79EFBC}") = "kolokwium", "kolokwium\kolokwium.csproj", "{4C8A07F4-FF7B-4A51-A0A1-58A7E00998AA}"
EndProject
Global
	GlobalSection(SolutionConfigurationPlatforms) = preSolution
		Debug|Any CPU = Debug|Any CPU
		Release|Any CPU = Release|Any CPU
	EndGlobalSection
	GlobalSection(ProjectConfigurationPlatforms) = postSolution
		{4C8A07F4-FF7B-4A51-A0A1-58A7E00998AA}.Debug|Any CPU.ActiveCfg = Debug|Any CPU
		{4C8A07F4-FF7B-4A51-A0A1-58A7E00998AA}.Debug|Any CPU.Build.0 = Debug|Any CPU
		{4C8A07F4-FF7B-4A51-A0A1-58A7E00998AA}.Release|Any CPU.ActiveCfg = Release|Any CPU
		{4C8A07F4-FF7B-4A51-A0A1-58A7E00998AA}.Release|Any CPU.Build.0 = Release|Any CPU
	EndGlobalSection
	GlobalSection(SolutionProperties) = preSolution
		HideSolutionNode = FALSE
	EndGlobalSection
	GlobalSection(ExtensibilityGlobals) = postSolution
		SolutionGuid = {8A816E9A-43BE-4011-A3D1-5AE99DE9A4BB}
	EndGlobalSection
EndGlobal
